
Microsoft Visual Studio Solution File, Format Version 12.00
# Visual Studio Version 17
VisualStudioVersion = 17.0.31903.59
MinimumVisualStudioVersion = 10.0.40219.1
Project("{2150E333-8FDC-42A3-9474-1A3956D46DE8}") = "src", "src", "{64C9FD1E-C355-4788-BBDD-767421DC4419}"
EndProject
Project("{FAE04EC0-301F-11D3-BF4B-00C04F79EFBC}") = "EverydaySlideshow.Core", "src\EverydaySlideshow.Core\EverydaySlideshow.Core.csproj", "{4800CBEE-75E2-49BA-A7D0-0117CE8EFA8C}"
EndProject
Project("{FAE04EC0-301F-11D3-BF4B-00C04F79EFBC}") = "EverydaySlideshow", "src\EverydaySlideshow\EverydaySlideshow.csproj", "{31FD748D-888D-4FD6-B73C-A86F1BF36CDB}"
EndProject
Project("{2150E333-8FDC-42A3-9474-1A3956D46DE8}") = "tests", "tests", "{9D3F161A-567A-46CB-A7E3-FDCB7B8B11D2}"
EndProject
Project("{FAE04EC0-301F-11D3-BF4B-00C04F79EFBC}") = "EverydaySlideshow.Tests", "tests\EverydaySlideshow.Tests\EverydaySlideshow.Tests.csproj", "{61232426-9F1C-43AC-8CD2-D39E46C139BA}"
EndProject
Global
	GlobalSection(SolutionConfigurationPlatforms) = preSolution
		Debug|Any CPU = Debug|Any CPU
		Release|Any CPU = Release|Any CPU
	EndGlobalSection
	GlobalSection(SolutionProperties) = preSolution
		HideSolutionNode = FALSE
	EndGlobalSection
	GlobalSection(ProjectConfigurationPlatforms) = postSolution
		{4800CBEE-75E2-49BA-A7D0-0117CE8EFA8C}.Debug|Any CPU.ActiveCfg = Debug|Any CPU
		{4800CBEE-75E2-49BA-A7D0-0117CE8EFA8C}.Debug|Any CPU.Build.0 = Debug|Any CPU
		{4800CBEE-75E2-49BA-A7D0-0117CE8EFA8C}.Release|Any CPU.ActiveCfg = Release|Any CPU
		{4800CBEE-75E2-49BA-A7D0-0117CE8EFA8C}.Release|Any CPU.Build.0 = Release|Any CPU
		{31FD748D-888D-4FD6-B73C-A86F1BF36CDB}.Debug|Any CPU.ActiveCfg = Debug|Any CPU
		{31FD748D-888D-4FD6-B73C-A86F1BF36CDB}.Debug|Any CPU.Build.0 = Debug|Any CPU
		{31FD748D-888D-4FD6-B73C-A86F1BF36CDB}.Release|Any CPU.ActiveCfg = Release|Any CPU
		{31FD748D-888D-4FD6-B73C-A86F1BF36CDB}.Release|Any CPU.Build.0 = Release|Any CPU
		{61232426-9F1C-43AC-8CD2-D39E46C139BA}.Debug|Any CPU.ActiveCfg = Debug|Any CPU
		{61232426-9F1C-43AC-8CD2-D39E46C139BA}.Debug|Any CPU.Build.0 = Debug|Any CPU
		{61232426-9F1C-43AC-8CD2-D39E46C139BA}.Release|Any CPU.ActiveCfg = Release|Any CPU
		{61232426-9F1C-43AC-8CD2-D39E46C139BA}.Release|Any CPU.Build.0 = Release|Any CPU
	EndGlobalSection
	GlobalSection(NestedProjects) = preSolution
		{4800CBEE-75E2-49BA-A7D0-0117CE8EFA8C} = {64C9FD1E-C355-4788-BBDD-767421DC4419}
		{31FD748D-888D-4FD6-B73C-A86F1BF36CDB} = {64C9FD1E-C355-4788-BBDD-767421DC4419}
		{61232426-9F1C-43AC-8CD2-D39E46C139BA} = {9D3F161A-567A-46CB-A7E3-FDCB7B8B11D2}
	EndGlobalSection
EndGlobal
